
Microsoft Visual Studio Solution File, Format Version 12.00
# Visual Studio Version 17
VisualStudioVersion = 17.8.34309.116
MinimumVisualStudioVersion = 10.0.40219.1
Project("{9A19103F-16F7-4668-BE54-9A1E7A4F7556}") = "Clone Dash", "CloneDash\Clone Dash.csproj", "{3E02540F-8FAE-43D3-9813-C5D5BD2C4090}"
EndProject
Project("{9A19103F-16F7-4668-BE54-9A1E7A4F7556}") = "OdinSerializer", "OdinSerializer\OdinSerializer.csproj", "{ED8E1112-3351-4A54-938E-1B826737A251}"
EndProject
Project("{9A19103F-16F7-4668-BE54-9A1E7A4F7556}") = "Raylib-cs", "Raylib-cs\Raylib-cs.csproj", "{545E1317-6685-4F55-8178-54865679C8C6}"
EndProject
Project("{9A19103F-16F7-4668-BE54-9A1E7A4F7556}") = "Nucleus", "Nucleus\Nucleus.csproj", "{236F8E54-5F60-4719-84F0-1ABC8ABD5D9A}"
EndProject
Project("{2150E333-8FDC-42A3-9474-1A3956D46DE8}") = "Clone Dash", "Clone Dash", "{A1C2ED6D-CBB6-4A76-8549-4C7085461E90}"
EndProject
Project("{2150E333-8FDC-42A3-9474-1A3956D46DE8}") = "Nucleus Engine", "Nucleus Engine", "{7B558255-59AF-4CC4-86AC-993E160060E7}"
EndProject
Project("{2150E333-8FDC-42A3-9474-1A3956D46DE8}") = "Dependencies", "Dependencies", "{F9CEF194-EA7B-41C5-B9CF-C181EAC5E306}"
EndProject
Project("{FAE04EC0-301F-11D3-BF4B-00C04F79EFBC}") = "Nucleus.ModelEditor", "Nucleus.ModelEditor\Nucleus.ModelEditor.csproj", "{36846CB6-88A2-4021-BE1A-6BBCBD748BEC}"
EndProject
Project("{FAE04EC0-301F-11D3-BF4B-00C04F79EFBC}") = "Poly2Tri", "Poly2Tri\Poly2Tri.csproj", "{9CFC46AF-4B66-4FE5-B779-50C177554F3E}"
EndProject
Project("{FAE04EC0-301F-11D3-BF4B-00C04F79EFBC}") = "AssetStudio", "AssetStudio\AssetStudio.csproj", "{64CC2258-D763-4696-B557-60B03EC80330}"
EndProject
Project("{FAE04EC0-301F-11D3-BF4B-00C04F79EFBC}") = "AssetStudioUtility", "AssetStudioUtility\AssetStudioUtility.csproj", "{1A3B17E4-506E-43C9-AD05-EAC0E6C0D5C2}"
EndProject
Project("{FAE04EC0-301F-11D3-BF4B-00C04F79EFBC}") = "CD_UnityGenAssetLUT", "CD_UnityGenAssetLUT\CD_UnityGenAssetLUT.csproj", "{8682EDDE-182C-43B2-A4D7-1142FA45226A}"
EndProject
Global
	GlobalSection(SolutionConfigurationPlatforms) = preSolution
		Debug|Any CPU = Debug|Any CPU
		Release|Any CPU = Release|Any CPU
	EndGlobalSection
	GlobalSection(ProjectConfigurationPlatforms) = postSolution
		{3E02540F-8FAE-43D3-9813-C5D5BD2C4090}.Debug|Any CPU.ActiveCfg = Debug|Any CPU
		{3E02540F-8FAE-43D3-9813-C5D5BD2C4090}.Debug|Any CPU.Build.0 = Debug|Any CPU
		{3E02540F-8FAE-43D3-9813-C5D5BD2C4090}.Release|Any CPU.ActiveCfg = Release|Any CPU
		{3E02540F-8FAE-43D3-9813-C5D5BD2C4090}.Release|Any CPU.Build.0 = Release|Any CPU
		{ED8E1112-3351-4A54-938E-1B826737A251}.Debug|Any CPU.ActiveCfg = Debug|Any CPU
		{ED8E1112-3351-4A54-938E-1B826737A251}.Debug|Any CPU.Build.0 = Debug|Any CPU
		{ED8E1112-3351-4A54-938E-1B826737A251}.Release|Any CPU.ActiveCfg = Release|Any CPU
		{ED8E1112-3351-4A54-938E-1B826737A251}.Release|Any CPU.Build.0 = Release|Any CPU
		{545E1317-6685-4F55-8178-54865679C8C6}.Debug|Any CPU.ActiveCfg = Debug|Any CPU
		{545E1317-6685-4F55-8178-54865679C8C6}.Debug|Any CPU.Build.0 = Debug|Any CPU
		{545E1317-6685-4F55-8178-54865679C8C6}.Release|Any CPU.ActiveCfg = Release|Any CPU
		{545E1317-6685-4F55-8178-54865679C8C6}.Release|Any CPU.Build.0 = Release|Any CPU
		{236F8E54-5F60-4719-84F0-1ABC8ABD5D9A}.Debug|Any CPU.ActiveCfg = Debug|Any CPU
		{236F8E54-5F60-4719-84F0-1ABC8ABD5D9A}.Debug|Any CPU.Build.0 = Debug|Any CPU
		{236F8E54-5F60-4719-84F0-1ABC8ABD5D9A}.Release|Any CPU.ActiveCfg = Release|Any CPU
		{236F8E54-5F60-4719-84F0-1ABC8ABD5D9A}.Release|Any CPU.Build.0 = Release|Any CPU
		{36846CB6-88A2-4021-BE1A-6BBCBD748BEC}.Debug|Any CPU.ActiveCfg = Debug|Any CPU
		{36846CB6-88A2-4021-BE1A-6BBCBD748BEC}.Debug|Any CPU.Build.0 = Debug|Any CPU
		{36846CB6-88A2-4021-BE1A-6BBCBD748BEC}.Release|Any CPU.ActiveCfg = Release|Any CPU
		{36846CB6-88A2-4021-BE1A-6BBCBD748BEC}.Release|Any CPU.Build.0 = Release|Any CPU
		{9CFC46AF-4B66-4FE5-B779-50C177554F3E}.Debug|Any CPU.ActiveCfg = Debug|Any CPU
		{9CFC46AF-4B66-4FE5-B779-50C177554F3E}.Debug|Any CPU.Build.0 = Debug|Any CPU
		{9CFC46AF-4B66-4FE5-B779-50C177554F3E}.Release|Any CPU.ActiveCfg = Release|Any CPU
		{9CFC46AF-4B66-4FE5-B779-50C177554F3E}.Release|Any CPU.Build.0 = Release|Any CPU
		{64CC2258-D763-4696-B557-60B03EC80330}.Debug|Any CPU.ActiveCfg = Debug|Any CPU
		{64CC2258-D763-4696-B557-60B03EC80330}.Debug|Any CPU.Build.0 = Debug|Any CPU
		{64CC2258-D763-4696-B557-60B03EC80330}.Release|Any CPU.ActiveCfg = Release|Any CPU
		{64CC2258-D763-4696-B557-60B03EC80330}.Release|Any CPU.Build.0 = Release|Any CPU
		{1A3B17E4-506E-43C9-AD05-EAC0E6C0D5C2}.Debug|Any CPU.ActiveCfg = Debug|Any CPU
		{1A3B17E4-506E-43C9-AD05-EAC0E6C0D5C2}.Debug|Any CPU.Build.0 = Debug|Any CPU
		{1A3B17E4-506E-43C9-AD05-EAC0E6C0D5C2}.Release|Any CPU.ActiveCfg = Release|Any CPU
		{1A3B17E4-506E-43C9-AD05-EAC0E6C0D5C2}.Release|Any CPU.Build.0 = Release|Any CPU
		{8682EDDE-182C-43B2-A4D7-1142FA45226A}.Debug|Any CPU.ActiveCfg = Debug|Any CPU
		{8682EDDE-182C-43B2-A4D7-1142FA45226A}.Debug|Any CPU.Build.0 = Debug|Any CPU
		{8682EDDE-182C-43B2-A4D7-1142FA45226A}.Release|Any CPU.ActiveCfg = Release|Any CPU
		{8682EDDE-182C-43B2-A4D7-1142FA45226A}.Release|Any CPU.Build.0 = Release|Any CPU
	EndGlobalSection
	GlobalSection(SolutionProperties) = preSolution
		HideSolutionNode = FALSE
	EndGlobalSection
	GlobalSection(NestedProjects) = preSolution
		{3E02540F-8FAE-43D3-9813-C5D5BD2C4090} = {A1C2ED6D-CBB6-4A76-8549-4C7085461E90}
		{ED8E1112-3351-4A54-938E-1B826737A251} = {F9CEF194-EA7B-41C5-B9CF-C181EAC5E306}
		{545E1317-6685-4F55-8178-54865679C8C6} = {F9CEF194-EA7B-41C5-B9CF-C181EAC5E306}
		{236F8E54-5F60-4719-84F0-1ABC8ABD5D9A} = {7B558255-59AF-4CC4-86AC-993E160060E7}
		{36846CB6-88A2-4021-BE1A-6BBCBD748BEC} = {7B558255-59AF-4CC4-86AC-993E160060E7}
		{9CFC46AF-4B66-4FE5-B779-50C177554F3E} = {F9CEF194-EA7B-41C5-B9CF-C181EAC5E306}
		{64CC2258-D763-4696-B557-60B03EC80330} = {F9CEF194-EA7B-41C5-B9CF-C181EAC5E306}
		{1A3B17E4-506E-43C9-AD05-EAC0E6C0D5C2} = {F9CEF194-EA7B-41C5-B9CF-C181EAC5E306}
		{8682EDDE-182C-43B2-A4D7-1142FA45226A} = {A1C2ED6D-CBB6-4A76-8549-4C7085461E90}
	EndGlobalSection
	GlobalSection(ExtensibilityGlobals) = postSolution
		SolutionGuid = {2F79997E-69BD-4DF1-AEEF-44938358485B}
	EndGlobalSection
EndGlobal
