
Microsoft Visual Studio Solution File, Format Version 12.00
# Visual Studio Version 17
VisualStudioVersion = 17.8.34309.116
MinimumVisualStudioVersion = 10.0.40219.1
Project("{9A19103F-16F7-4668-BE54-9A1E7A4F7556}") = "CloneDash", "CloneDash\CloneDash.csproj", "{3E02540F-8FAE-43D3-9813-C5D5BD2C4090}"
EndProject
Project("{9A19103F-16F7-4668-BE54-9A1E7A4F7556}") = "OdinSerializer", "OdinSerializer\OdinSerializer.csproj", "{ED8E1112-3351-4A54-938E-1B826737A251}"
EndProject
Project("{9A19103F-16F7-4668-BE54-9A1E7A4F7556}") = "Raylib-cs", "Raylib-cs\Raylib-cs.csproj", "{545E1317-6685-4F55-8178-54865679C8C6}"
EndProject
Global
	GlobalSection(SolutionConfigurationPlatforms) = preSolution
		Debug|Any CPU = Debug|Any CPU
		Release|Any CPU = Release|Any CPU
	EndGlobalSection
	GlobalSection(ProjectConfigurationPlatforms) = postSolution
		{3E02540F-8FAE-43D3-9813-C5D5BD2C4090}.Debug|Any CPU.ActiveCfg = Debug|Any CPU
		{3E02540F-8FAE-43D3-9813-C5D5BD2C4090}.Debug|Any CPU.Build.0 = Debug|Any CPU
		{3E02540F-8FAE-43D3-9813-C5D5BD2C4090}.Release|Any CPU.ActiveCfg = Release|Any CPU
		{3E02540F-8FAE-43D3-9813-C5D5BD2C4090}.Release|Any CPU.Build.0 = Release|Any CPU
		{ED8E1112-3351-4A54-938E-1B826737A251}.Debug|Any CPU.ActiveCfg = Debug|Any CPU
		{ED8E1112-3351-4A54-938E-1B826737A251}.Debug|Any CPU.Build.0 = Debug|Any CPU
		{ED8E1112-3351-4A54-938E-1B826737A251}.Release|Any CPU.ActiveCfg = Release|Any CPU
		{ED8E1112-3351-4A54-938E-1B826737A251}.Release|Any CPU.Build.0 = Release|Any CPU
		{545E1317-6685-4F55-8178-54865679C8C6}.Debug|Any CPU.ActiveCfg = Debug|Any CPU
		{545E1317-6685-4F55-8178-54865679C8C6}.Debug|Any CPU.Build.0 = Debug|Any CPU
		{545E1317-6685-4F55-8178-54865679C8C6}.Release|Any CPU.ActiveCfg = Release|Any CPU
		{545E1317-6685-4F55-8178-54865679C8C6}.Release|Any CPU.Build.0 = Release|Any CPU
	EndGlobalSection
	GlobalSection(SolutionProperties) = preSolution
		HideSolutionNode = FALSE
	EndGlobalSection
	GlobalSection(ExtensibilityGlobals) = postSolution
		SolutionGuid = {2F79997E-69BD-4DF1-AEEF-44938358485B}
	EndGlobalSection
EndGlobal
